// !$*UTF8*$!
{
	archiveVersion = 1;
	classes = {
	};
	objectVersion = 46;
	objects = {

/* Begin PBXBuildFile section */
		272231181C35F2C500791978 /* SettingsViewController.m in Sources */ = {isa = PBXBuildFile; fileRef = 272231171C35F2C500791978 /* SettingsViewController.m */; };
		2722311B1C376F1700791978 /* CircleButton.m in Sources */ = {isa = PBXBuildFile; fileRef = 2722311A1C376F1700791978 /* CircleButton.m */; };
		2722311E1C37804100791978 /* MainViewTableManager.m in Sources */ = {isa = PBXBuildFile; fileRef = 2722311D1C37804100791978 /* MainViewTableManager.m */; };
		279BB6571C20E26B00D48D30 /* main.m in Sources */ = {isa = PBXBuildFile; fileRef = 279BB6561C20E26B00D48D30 /* main.m */; };
		279BB65A1C20E26B00D48D30 /* AppDelegate.m in Sources */ = {isa = PBXBuildFile; fileRef = 279BB6591C20E26B00D48D30 /* AppDelegate.m */; };
		279BB65D1C20E26B00D48D30 /* MainViewController.m in Sources */ = {isa = PBXBuildFile; fileRef = 279BB65C1C20E26B00D48D30 /* MainViewController.m */; };
		279BB6601C20E26B00D48D30 /* Main.storyboard in Resources */ = {isa = PBXBuildFile; fileRef = 279BB65E1C20E26B00D48D30 /* Main.storyboard */; };
		279BB6621C20E26B00D48D30 /* Assets.xcassets in Resources */ = {isa = PBXBuildFile; fileRef = 279BB6611C20E26B00D48D30 /* Assets.xcassets */; };
		279BB6651C20E26B00D48D30 /* LaunchScreen.storyboard in Resources */ = {isa = PBXBuildFile; fileRef = 279BB6631C20E26B00D48D30 /* LaunchScreen.storyboard */; };
		279BB6701C20E26B00D48D30 /* deepThoughtsTests.m in Sources */ = {isa = PBXBuildFile; fileRef = 279BB66F1C20E26B00D48D30 /* deepThoughtsTests.m */; };
		279BB67B1C20E26B00D48D30 /* deepThoughtsUITests.m in Sources */ = {isa = PBXBuildFile; fileRef = 279BB67A1C20E26B00D48D30 /* deepThoughtsUITests.m */; };
		27A69CD61C2786B800C7F559 /* NetworkManagerTest.m in Sources */ = {isa = PBXBuildFile; fileRef = 27A69CD51C2786B800C7F559 /* NetworkManagerTest.m */; };
		27A69CDC1C27890D00C7F559 /* NetworkManager.m in Sources */ = {isa = PBXBuildFile; fileRef = 27A69CD21C2786A200C7F559 /* NetworkManager.m */; };
		27CC99411C3229B700B58B3B /* NavigationController.m in Sources */ = {isa = PBXBuildFile; fileRef = 27CC99401C3229B700B58B3B /* NavigationController.m */; };
		27CC99451C322E0700B58B3B /* CircleTransitionAnimator.m in Sources */ = {isa = PBXBuildFile; fileRef = 27CC99441C322E0700B58B3B /* CircleTransitionAnimator.m */; };
/* End PBXBuildFile section */

/* Begin PBXContainerItemProxy section */
		279BB66C1C20E26B00D48D30 /* PBXContainerItemProxy */ = {
			isa = PBXContainerItemProxy;
			containerPortal = 279BB64A1C20E26B00D48D30 /* Project object */;
			proxyType = 1;
			remoteGlobalIDString = 279BB6511C20E26B00D48D30;
			remoteInfo = deepThoughts;
		};
		279BB6771C20E26B00D48D30 /* PBXContainerItemProxy */ = {
			isa = PBXContainerItemProxy;
			containerPortal = 279BB64A1C20E26B00D48D30 /* Project object */;
			proxyType = 1;
			remoteGlobalIDString = 279BB6511C20E26B00D48D30;
			remoteInfo = deepThoughts;
		};
/* End PBXContainerItemProxy section */

/* Begin PBXFileReference section */
		272231171C35F2C500791978 /* SettingsViewController.m */ = {isa = PBXFileReference; fileEncoding = 4; lastKnownFileType = sourcecode.c.objc; path = SettingsViewController.m; sourceTree = "<group>"; };
		272231191C376F1700791978 /* CircleButton.h */ = {isa = PBXFileReference; fileEncoding = 4; lastKnownFileType = sourcecode.c.h; path = CircleButton.h; sourceTree = "<group>"; };
		2722311A1C376F1700791978 /* CircleButton.m */ = {isa = PBXFileReference; fileEncoding = 4; lastKnownFileType = sourcecode.c.objc; path = CircleButton.m; sourceTree = "<group>"; };
		2722311C1C37804100791978 /* MainViewTableManager.h */ = {isa = PBXFileReference; fileEncoding = 4; lastKnownFileType = sourcecode.c.h; path = MainViewTableManager.h; sourceTree = "<group>"; };
		2722311D1C37804100791978 /* MainViewTableManager.m */ = {isa = PBXFileReference; fileEncoding = 4; lastKnownFileType = sourcecode.c.objc; path = MainViewTableManager.m; sourceTree = "<group>"; };
		279BB6521C20E26B00D48D30 /* deepThoughts.app */ = {isa = PBXFileReference; explicitFileType = wrapper.application; includeInIndex = 0; path = deepThoughts.app; sourceTree = BUILT_PRODUCTS_DIR; };
		279BB6561C20E26B00D48D30 /* main.m */ = {isa = PBXFileReference; lastKnownFileType = sourcecode.c.objc; path = main.m; sourceTree = "<group>"; };
		279BB6581C20E26B00D48D30 /* AppDelegate.h */ = {isa = PBXFileReference; lastKnownFileType = sourcecode.c.h; path = AppDelegate.h; sourceTree = "<group>"; };
		279BB6591C20E26B00D48D30 /* AppDelegate.m */ = {isa = PBXFileReference; lastKnownFileType = sourcecode.c.objc; path = AppDelegate.m; sourceTree = "<group>"; };
		279BB65B1C20E26B00D48D30 /* MainViewController.h */ = {isa = PBXFileReference; lastKnownFileType = sourcecode.c.h; path = MainViewController.h; sourceTree = "<group>"; };
		279BB65C1C20E26B00D48D30 /* MainViewController.m */ = {isa = PBXFileReference; lastKnownFileType = sourcecode.c.objc; path = MainViewController.m; sourceTree = "<group>"; };
		279BB65F1C20E26B00D48D30 /* Base */ = {isa = PBXFileReference; lastKnownFileType = file.storyboard; name = Base; path = Base.lproj/Main.storyboard; sourceTree = "<group>"; };
		279BB6611C20E26B00D48D30 /* Assets.xcassets */ = {isa = PBXFileReference; lastKnownFileType = folder.assetcatalog; path = Assets.xcassets; sourceTree = "<group>"; };
		279BB6641C20E26B00D48D30 /* Base */ = {isa = PBXFileReference; lastKnownFileType = file.storyboard; name = Base; path = Base.lproj/LaunchScreen.storyboard; sourceTree = "<group>"; };
		279BB6661C20E26B00D48D30 /* Info.plist */ = {isa = PBXFileReference; lastKnownFileType = text.plist.xml; path = Info.plist; sourceTree = "<group>"; };
		279BB66B1C20E26B00D48D30 /* deepThoughtsTests.xctest */ = {isa = PBXFileReference; explicitFileType = wrapper.cfbundle; includeInIndex = 0; path = deepThoughtsTests.xctest; sourceTree = BUILT_PRODUCTS_DIR; };
		279BB66F1C20E26B00D48D30 /* deepThoughtsTests.m */ = {isa = PBXFileReference; lastKnownFileType = sourcecode.c.objc; path = deepThoughtsTests.m; sourceTree = "<group>"; };
		279BB6711C20E26B00D48D30 /* Info.plist */ = {isa = PBXFileReference; lastKnownFileType = text.plist.xml; path = Info.plist; sourceTree = "<group>"; };
		279BB6761C20E26B00D48D30 /* deepThoughtsUITests.xctest */ = {isa = PBXFileReference; explicitFileType = wrapper.cfbundle; includeInIndex = 0; path = deepThoughtsUITests.xctest; sourceTree = BUILT_PRODUCTS_DIR; };
		279BB67A1C20E26B00D48D30 /* deepThoughtsUITests.m */ = {isa = PBXFileReference; lastKnownFileType = sourcecode.c.objc; path = deepThoughtsUITests.m; sourceTree = "<group>"; };
		279BB67C1C20E26B00D48D30 /* Info.plist */ = {isa = PBXFileReference; lastKnownFileType = text.plist.xml; path = Info.plist; sourceTree = "<group>"; };
		27A417991C30EE0500AFC764 /* SettingsViewController.h */ = {isa = PBXFileReference; fileEncoding = 4; lastKnownFileType = sourcecode.c.h; name = SettingsViewController.h; path = ViewControllers/SettingsViewController.h; sourceTree = "<group>"; };
		27A69CD11C2786A200C7F559 /* NetworkManager.h */ = {isa = PBXFileReference; fileEncoding = 4; lastKnownFileType = sourcecode.c.h; path = NetworkManager.h; sourceTree = "<group>"; };
		27A69CD21C2786A200C7F559 /* NetworkManager.m */ = {isa = PBXFileReference; fileEncoding = 4; lastKnownFileType = sourcecode.c.objc; path = NetworkManager.m; sourceTree = "<group>"; };
		27A69CD51C2786B800C7F559 /* NetworkManagerTest.m */ = {isa = PBXFileReference; fileEncoding = 4; lastKnownFileType = sourcecode.c.objc; path = NetworkManagerTest.m; sourceTree = "<group>"; };
		27CC993F1C3229B700B58B3B /* NavigationController.h */ = {isa = PBXFileReference; fileEncoding = 4; lastKnownFileType = sourcecode.c.h; name = NavigationController.h; path = Controllers/NavigationController.h; sourceTree = "<group>"; };
		27CC99401C3229B700B58B3B /* NavigationController.m */ = {isa = PBXFileReference; fileEncoding = 4; lastKnownFileType = sourcecode.c.objc; name = NavigationController.m; path = Controllers/NavigationController.m; sourceTree = "<group>"; };
		27CC99431C322E0700B58B3B /* CircleTransitionAnimator.h */ = {isa = PBXFileReference; fileEncoding = 4; lastKnownFileType = sourcecode.c.h; path = CircleTransitionAnimator.h; sourceTree = "<group>"; };
		27CC99441C322E0700B58B3B /* CircleTransitionAnimator.m */ = {isa = PBXFileReference; fileEncoding = 4; lastKnownFileType = sourcecode.c.objc; path = CircleTransitionAnimator.m; sourceTree = "<group>"; };
/* End PBXFileReference section */

/* Begin PBXFrameworksBuildPhase section */
		279BB64F1C20E26B00D48D30 /* Frameworks */ = {
			isa = PBXFrameworksBuildPhase;
			buildActionMask = 2147483647;
			files = (
			);
			runOnlyForDeploymentPostprocessing = 0;
		};
		279BB6681C20E26B00D48D30 /* Frameworks */ = {
			isa = PBXFrameworksBuildPhase;
			buildActionMask = 2147483647;
			files = (
			);
			runOnlyForDeploymentPostprocessing = 0;
		};
		279BB6731C20E26B00D48D30 /* Frameworks */ = {
			isa = PBXFrameworksBuildPhase;
			buildActionMask = 2147483647;
			files = (
			);
			runOnlyForDeploymentPostprocessing = 0;
		};
/* End PBXFrameworksBuildPhase section */

/* Begin PBXGroup section */
		2722311F1C37807800791978 /* MainView */ = {
			isa = PBXGroup;
			children = (
				279BB65B1C20E26B00D48D30 /* MainViewController.h */,
				279BB65C1C20E26B00D48D30 /* MainViewController.m */,
				2722311C1C37804100791978 /* MainViewTableManager.h */,
				2722311D1C37804100791978 /* MainViewTableManager.m */,
			);
			name = MainView;
			sourceTree = "<group>";
		};
		272231201C37808700791978 /* SettingsView */ = {
			isa = PBXGroup;
			children = (
				27A417991C30EE0500AFC764 /* SettingsViewController.h */,
				272231171C35F2C500791978 /* SettingsViewController.m */,
			);
			name = SettingsView;
			sourceTree = "<group>";
		};
		279BB6491C20E26B00D48D30 = {
			isa = PBXGroup;
			children = (
				279BB6541C20E26B00D48D30 /* deepThoughts */,
				279BB66E1C20E26B00D48D30 /* deepThoughtsTests */,
				279BB6791C20E26B00D48D30 /* deepThoughtsUITests */,
				279BB6531C20E26B00D48D30 /* Products */,
			);
			sourceTree = "<group>";
		};
		279BB6531C20E26B00D48D30 /* Products */ = {
			isa = PBXGroup;
			children = (
				279BB6521C20E26B00D48D30 /* deepThoughts.app */,
				279BB66B1C20E26B00D48D30 /* deepThoughtsTests.xctest */,
				279BB6761C20E26B00D48D30 /* deepThoughtsUITests.xctest */,
			);
			name = Products;
			sourceTree = "<group>";
		};
		279BB6541C20E26B00D48D30 /* deepThoughts */ = {
			isa = PBXGroup;
			children = (
				272231201C37808700791978 /* SettingsView */,
				2722311F1C37807800791978 /* MainView */,
				27CC99421C3229BE00B58B3B /* Controllers */,
				27A69CD11C2786A200C7F559 /* NetworkManager.h */,
				27A69CD21C2786A200C7F559 /* NetworkManager.m */,
				27CC99431C322E0700B58B3B /* CircleTransitionAnimator.h */,
				27CC99441C322E0700B58B3B /* CircleTransitionAnimator.m */,
				272231191C376F1700791978 /* CircleButton.h */,
				2722311A1C376F1700791978 /* CircleButton.m */,
				279BB65E1C20E26B00D48D30 /* Main.storyboard */,
				279BB6551C20E26B00D48D30 /* Supporting Files */,
			);
			path = deepThoughts;
			sourceTree = "<group>";
		};
		279BB6551C20E26B00D48D30 /* Supporting Files */ = {
			isa = PBXGroup;
			children = (
				279BB6581C20E26B00D48D30 /* AppDelegate.h */,
				279BB6591C20E26B00D48D30 /* AppDelegate.m */,
				279BB6611C20E26B00D48D30 /* Assets.xcassets */,
				279BB6631C20E26B00D48D30 /* LaunchScreen.storyboard */,
				279BB6661C20E26B00D48D30 /* Info.plist */,
				279BB6561C20E26B00D48D30 /* main.m */,
			);
			name = "Supporting Files";
			sourceTree = "<group>";
		};
		279BB66E1C20E26B00D48D30 /* deepThoughtsTests */ = {
			isa = PBXGroup;
			children = (
				279BB66F1C20E26B00D48D30 /* deepThoughtsTests.m */,
				27A69CD51C2786B800C7F559 /* NetworkManagerTest.m */,
				279BB6711C20E26B00D48D30 /* Info.plist */,
			);
			path = deepThoughtsTests;
			sourceTree = "<group>";
		};
		279BB6791C20E26B00D48D30 /* deepThoughtsUITests */ = {
			isa = PBXGroup;
			children = (
				279BB67A1C20E26B00D48D30 /* deepThoughtsUITests.m */,
				279BB67C1C20E26B00D48D30 /* Info.plist */,
			);
			path = deepThoughtsUITests;
			sourceTree = "<group>";
		};
		27CC99421C3229BE00B58B3B /* Controllers */ = {
			isa = PBXGroup;
			children = (
				27CC993F1C3229B700B58B3B /* NavigationController.h */,
				27CC99401C3229B700B58B3B /* NavigationController.m */,
			);
			name = Controllers;
			sourceTree = "<group>";
		};
/* End PBXGroup section */

/* Begin PBXNativeTarget section */
		279BB6511C20E26B00D48D30 /* deepThoughts */ = {
			isa = PBXNativeTarget;
			buildConfigurationList = 279BB67F1C20E26B00D48D30 /* Build configuration list for PBXNativeTarget "deepThoughts" */;
			buildPhases = (
				279BB64E1C20E26B00D48D30 /* Sources */,
				279BB64F1C20E26B00D48D30 /* Frameworks */,
				279BB6501C20E26B00D48D30 /* Resources */,
			);
			buildRules = (
			);
			dependencies = (
			);
			name = deepThoughts;
			productName = deepThoughts;
			productReference = 279BB6521C20E26B00D48D30 /* deepThoughts.app */;
			productType = "com.apple.product-type.application";
		};
		279BB66A1C20E26B00D48D30 /* deepThoughtsTests */ = {
			isa = PBXNativeTarget;
			buildConfigurationList = 279BB6821C20E26B00D48D30 /* Build configuration list for PBXNativeTarget "deepThoughtsTests" */;
			buildPhases = (
				279BB6671C20E26B00D48D30 /* Sources */,
				279BB6681C20E26B00D48D30 /* Frameworks */,
				279BB6691C20E26B00D48D30 /* Resources */,
			);
			buildRules = (
			);
			dependencies = (
				279BB66D1C20E26B00D48D30 /* PBXTargetDependency */,
			);
			name = deepThoughtsTests;
			productName = deepThoughtsTests;
			productReference = 279BB66B1C20E26B00D48D30 /* deepThoughtsTests.xctest */;
			productType = "com.apple.product-type.bundle.unit-test";
		};
		279BB6751C20E26B00D48D30 /* deepThoughtsUITests */ = {
			isa = PBXNativeTarget;
			buildConfigurationList = 279BB6851C20E26B00D48D30 /* Build configuration list for PBXNativeTarget "deepThoughtsUITests" */;
			buildPhases = (
				279BB6721C20E26B00D48D30 /* Sources */,
				279BB6731C20E26B00D48D30 /* Frameworks */,
				279BB6741C20E26B00D48D30 /* Resources */,
			);
			buildRules = (
			);
			dependencies = (
				279BB6781C20E26B00D48D30 /* PBXTargetDependency */,
			);
			name = deepThoughtsUITests;
			productName = deepThoughtsUITests;
			productReference = 279BB6761C20E26B00D48D30 /* deepThoughtsUITests.xctest */;
			productType = "com.apple.product-type.bundle.ui-testing";
		};
/* End PBXNativeTarget section */

/* Begin PBXProject section */
		279BB64A1C20E26B00D48D30 /* Project object */ = {
			isa = PBXProject;
			attributes = {
				LastUpgradeCheck = 0700;
				ORGANIZATIONNAME = "Jeremiah Kistler";
				TargetAttributes = {
					279BB6511C20E26B00D48D30 = {
						CreatedOnToolsVersion = 7.0;
						DevelopmentTeam = 2RHU9AWEHD;
					};
					279BB66A1C20E26B00D48D30 = {
						CreatedOnToolsVersion = 7.0;
						TestTargetID = 279BB6511C20E26B00D48D30;
					};
					279BB6751C20E26B00D48D30 = {
						CreatedOnToolsVersion = 7.0;
						TestTargetID = 279BB6511C20E26B00D48D30;
					};
				};
			};
			buildConfigurationList = 279BB64D1C20E26B00D48D30 /* Build configuration list for PBXProject "deepThoughts" */;
			compatibilityVersion = "Xcode 3.2";
			developmentRegion = English;
			hasScannedForEncodings = 0;
			knownRegions = (
				en,
				Base,
			);
			mainGroup = 279BB6491C20E26B00D48D30;
			productRefGroup = 279BB6531C20E26B00D48D30 /* Products */;
			projectDirPath = "";
			projectRoot = "";
			targets = (
				279BB6511C20E26B00D48D30 /* deepThoughts */,
				279BB66A1C20E26B00D48D30 /* deepThoughtsTests */,
				279BB6751C20E26B00D48D30 /* deepThoughtsUITests */,
			);
		};
/* End PBXProject section */

/* Begin PBXResourcesBuildPhase section */
		279BB6501C20E26B00D48D30 /* Resources */ = {
			isa = PBXResourcesBuildPhase;
			buildActionMask = 2147483647;
			files = (
				279BB6651C20E26B00D48D30 /* LaunchScreen.storyboard in Resources */,
				279BB6621C20E26B00D48D30 /* Assets.xcassets in Resources */,
				279BB6601C20E26B00D48D30 /* Main.storyboard in Resources */,
			);
			runOnlyForDeploymentPostprocessing = 0;
		};
		279BB6691C20E26B00D48D30 /* Resources */ = {
			isa = PBXResourcesBuildPhase;
			buildActionMask = 2147483647;
			files = (
			);
			runOnlyForDeploymentPostprocessing = 0;
		};
		279BB6741C20E26B00D48D30 /* Resources */ = {
			isa = PBXResourcesBuildPhase;
			buildActionMask = 2147483647;
			files = (
			);
			runOnlyForDeploymentPostprocessing = 0;
		};
/* End PBXResourcesBuildPhase section */

/* Begin PBXSourcesBuildPhase section */
		279BB64E1C20E26B00D48D30 /* Sources */ = {
			isa = PBXSourcesBuildPhase;
			buildActionMask = 2147483647;
			files = (
				27CC99451C322E0700B58B3B /* CircleTransitionAnimator.m in Sources */,
				2722311E1C37804100791978 /* MainViewTableManager.m in Sources */,
				27A69CDC1C27890D00C7F559 /* NetworkManager.m in Sources */,
				279BB65D1C20E26B00D48D30 /* MainViewController.m in Sources */,
				27CC99411C3229B700B58B3B /* NavigationController.m in Sources */,
				279BB65A1C20E26B00D48D30 /* AppDelegate.m in Sources */,
				279BB6571C20E26B00D48D30 /* main.m in Sources */,
				272231181C35F2C500791978 /* SettingsViewController.m in Sources */,
				2722311B1C376F1700791978 /* CircleButton.m in Sources */,
			);
			runOnlyForDeploymentPostprocessing = 0;
		};
		279BB6671C20E26B00D48D30 /* Sources */ = {
			isa = PBXSourcesBuildPhase;
			buildActionMask = 2147483647;
			files = (
				279BB6701C20E26B00D48D30 /* deepThoughtsTests.m in Sources */,
				27A69CD61C2786B800C7F559 /* NetworkManagerTest.m in Sources */,
			);
			runOnlyForDeploymentPostprocessing = 0;
		};
		279BB6721C20E26B00D48D30 /* Sources */ = {
			isa = PBXSourcesBuildPhase;
			buildActionMask = 2147483647;
			files = (
				279BB67B1C20E26B00D48D30 /* deepThoughtsUITests.m in Sources */,
			);
			runOnlyForDeploymentPostprocessing = 0;
		};
/* End PBXSourcesBuildPhase section */

/* Begin PBXTargetDependency section */
		279BB66D1C20E26B00D48D30 /* PBXTargetDependency */ = {
			isa = PBXTargetDependency;
			target = 279BB6511C20E26B00D48D30 /* deepThoughts */;
			targetProxy = 279BB66C1C20E26B00D48D30 /* PBXContainerItemProxy */;
		};
		279BB6781C20E26B00D48D30 /* PBXTargetDependency */ = {
			isa = PBXTargetDependency;
			target = 279BB6511C20E26B00D48D30 /* deepThoughts */;
			targetProxy = 279BB6771C20E26B00D48D30 /* PBXContainerItemProxy */;
		};
/* End PBXTargetDependency section */

/* Begin PBXVariantGroup section */
		279BB65E1C20E26B00D48D30 /* Main.storyboard */ = {
			isa = PBXVariantGroup;
			children = (
				279BB65F1C20E26B00D48D30 /* Base */,
			);
			name = Main.storyboard;
			sourceTree = "<group>";
		};
		279BB6631C20E26B00D48D30 /* LaunchScreen.storyboard */ = {
			isa = PBXVariantGroup;
			children = (
				279BB6641C20E26B00D48D30 /* Base */,
			);
			name = LaunchScreen.storyboard;
			sourceTree = "<group>";
		};
/* End PBXVariantGroup section */

/* Begin XCBuildConfiguration section */
		279BB67D1C20E26B00D48D30 /* Debug */ = {
			isa = XCBuildConfiguration;
			buildSettings = {
				ALWAYS_SEARCH_USER_PATHS = NO;
				CLANG_CXX_LANGUAGE_STANDARD = "gnu++0x";
				CLANG_CXX_LIBRARY = "libc++";
				CLANG_ENABLE_MODULES = YES;
				CLANG_ENABLE_OBJC_ARC = YES;
				CLANG_WARN_BOOL_CONVERSION = YES;
				CLANG_WARN_CONSTANT_CONVERSION = YES;
				CLANG_WARN_DIRECT_OBJC_ISA_USAGE = YES_ERROR;
				CLANG_WARN_EMPTY_BODY = YES;
				CLANG_WARN_ENUM_CONVERSION = YES;
				CLANG_WARN_INT_CONVERSION = YES;
				CLANG_WARN_OBJC_ROOT_CLASS = YES_ERROR;
				CLANG_WARN_UNREACHABLE_CODE = YES;
				CLANG_WARN__DUPLICATE_METHOD_MATCH = YES;
				"CODE_SIGN_IDENTITY[sdk=iphoneos*]" = "iPhone Developer";
				COPY_PHASE_STRIP = NO;
				DEBUG_INFORMATION_FORMAT = dwarf;
				ENABLE_STRICT_OBJC_MSGSEND = YES;
				ENABLE_TESTABILITY = YES;
				GCC_C_LANGUAGE_STANDARD = gnu99;
				GCC_DYNAMIC_NO_PIC = NO;
				GCC_NO_COMMON_BLOCKS = YES;
				GCC_OPTIMIZATION_LEVEL = 0;
				GCC_PREPROCESSOR_DEFINITIONS = (
					"DEBUG=1",
					"$(inherited)",
				);
				GCC_WARN_64_TO_32_BIT_CONVERSION = YES;
				GCC_WARN_ABOUT_RETURN_TYPE = YES_ERROR;
				GCC_WARN_UNDECLARED_SELECTOR = YES;
				GCC_WARN_UNINITIALIZED_AUTOS = YES_AGGRESSIVE;
				GCC_WARN_UNUSED_FUNCTION = YES;
				GCC_WARN_UNUSED_VARIABLE = YES;
				IPHONEOS_DEPLOYMENT_TARGET = 9.0;
				MTL_ENABLE_DEBUG_INFO = YES;
				ONLY_ACTIVE_ARCH = YES;
				SDKROOT = iphoneos;
			};
			name = Debug;
		};
		279BB67E1C20E26B00D48D30 /* Release */ = {
			isa = XCBuildConfiguration;
			buildSettings = {
				ALWAYS_SEARCH_USER_PATHS = NO;
				CLANG_CXX_LANGUAGE_STANDARD = "gnu++0x";
				CLANG_CXX_LIBRARY = "libc++";
				CLANG_ENABLE_MODULES = YES;
				CLANG_ENABLE_OBJC_ARC = YES;
				CLANG_WARN_BOOL_CONVERSION = YES;
				CLANG_WARN_CONSTANT_CONVERSION = YES;
				CLANG_WARN_DIRECT_OBJC_ISA_USAGE = YES_ERROR;
				CLANG_WARN_EMPTY_BODY = YES;
				CLANG_WARN_ENUM_CONVERSION = YES;
				CLANG_WARN_INT_CONVERSION = YES;
				CLANG_WARN_OBJC_ROOT_CLASS = YES_ERROR;
				CLANG_WARN_UNREACHABLE_CODE = YES;
				CLANG_WARN__DUPLICATE_METHOD_MATCH = YES;
				"CODE_SIGN_IDENTITY[sdk=iphoneos*]" = "iPhone Developer";
				COPY_PHASE_STRIP = NO;
				DEBUG_INFORMATION_FORMAT = "dwarf-with-dsym";
				ENABLE_NS_ASSERTIONS = NO;
				ENABLE_STRICT_OBJC_MSGSEND = YES;
				GCC_C_LANGUAGE_STANDARD = gnu99;
				GCC_NO_COMMON_BLOCKS = YES;
				GCC_WARN_64_TO_32_BIT_CONVERSION = YES;
				GCC_WARN_ABOUT_RETURN_TYPE = YES_ERROR;
				GCC_WARN_UNDECLARED_SELECTOR = YES;
				GCC_WARN_UNINITIALIZED_AUTOS = YES_AGGRESSIVE;
				GCC_WARN_UNUSED_FUNCTION = YES;
				GCC_WARN_UNUSED_VARIABLE = YES;
				IPHONEOS_DEPLOYMENT_TARGET = 9.0;
				MTL_ENABLE_DEBUG_INFO = NO;
				SDKROOT = iphoneos;
				VALIDATE_PRODUCT = YES;
			};
			name = Release;
		};
		279BB6801C20E26B00D48D30 /* Debug */ = {
			isa = XCBuildConfiguration;
			buildSettings = {
				ASSETCATALOG_COMPILER_APPICON_NAME = AppIcon;
				CODE_SIGN_IDENTITY = "iPhone Developer";
				INFOPLIST_FILE = deepThoughts/Info.plist;
				IPHONEOS_DEPLOYMENT_TARGET = 7.0;
				LD_RUNPATH_SEARCH_PATHS = "$(inherited) @executable_path/Frameworks";
				PRODUCT_BUNDLE_IDENTIFIER = com.deepThoughts;
				PRODUCT_NAME = "$(TARGET_NAME)";
			};
			name = Debug;
		};
		279BB6811C20E26B00D48D30 /* Release */ = {
			isa = XCBuildConfiguration;
			buildSettings = {
				ASSETCATALOG_COMPILER_APPICON_NAME = AppIcon;
				CODE_SIGN_IDENTITY = "iPhone Developer";
				INFOPLIST_FILE = deepThoughts/Info.plist;
				IPHONEOS_DEPLOYMENT_TARGET = 7.0;
				LD_RUNPATH_SEARCH_PATHS = "$(inherited) @executable_path/Frameworks";
				PRODUCT_BUNDLE_IDENTIFIER = com.deepThoughts;
				PRODUCT_NAME = "$(TARGET_NAME)";
			};
			name = Release;
		};
		279BB6831C20E26B00D48D30 /* Debug */ = {
			isa = XCBuildConfiguration;
			buildSettings = {
				BUNDLE_LOADER = "$(TEST_HOST)";
				INFOPLIST_FILE = deepThoughtsTests/Info.plist;
				LD_RUNPATH_SEARCH_PATHS = "$(inherited) @executable_path/Frameworks @loader_path/Frameworks";
				PRODUCT_BUNDLE_IDENTIFIER = com.test.deepThoughtsTests;
				PRODUCT_NAME = "$(TARGET_NAME)";
				TEST_HOST = "$(BUILT_PRODUCTS_DIR)/deepThoughts.app/deepThoughts";
			};
			name = Debug;
		};
		279BB6841C20E26B00D48D30 /* Release */ = {
			isa = XCBuildConfiguration;
			buildSettings = {
				BUNDLE_LOADER = "$(TEST_HOST)";
				INFOPLIST_FILE = deepThoughtsTests/Info.plist;
				LD_RUNPATH_SEARCH_PATHS = "$(inherited) @executable_path/Frameworks @loader_path/Frameworks";
				PRODUCT_BUNDLE_IDENTIFIER = com.test.deepThoughtsTests;
				PRODUCT_NAME = "$(TARGET_NAME)";
				TEST_HOST = "$(BUILT_PRODUCTS_DIR)/deepThoughts.app/deepThoughts";
			};
			name = Release;
		};
		279BB6861C20E26B00D48D30 /* Debug */ = {
			isa = XCBuildConfiguration;
			buildSettings = {
				INFOPLIST_FILE = deepThoughtsUITests/Info.plist;
				LD_RUNPATH_SEARCH_PATHS = "$(inherited) @executable_path/Frameworks @loader_path/Frameworks";
				PRODUCT_BUNDLE_IDENTIFIER = com.test.deepThoughtsUITests;
				PRODUCT_NAME = "$(TARGET_NAME)";
				TEST_TARGET_NAME = deepThoughts;
				USES_XCTRUNNER = YES;
			};
			name = Debug;
		};
		279BB6871C20E26B00D48D30 /* Release */ = {
			isa = XCBuildConfiguration;
			buildSettings = {
				INFOPLIST_FILE = deepThoughtsUITests/Info.plist;
				LD_RUNPATH_SEARCH_PATHS = "$(inherited) @executable_path/Frameworks @loader_path/Frameworks";
				PRODUCT_BUNDLE_IDENTIFIER = com.test.deepThoughtsUITests;
				PRODUCT_NAME = "$(TARGET_NAME)";
				TEST_TARGET_NAME = deepThoughts;
				USES_XCTRUNNER = YES;
			};
			name = Release;
		};
/* End XCBuildConfiguration section */

/* Begin XCConfigurationList section */
		279BB64D1C20E26B00D48D30 /* Build configuration list for PBXProject "deepThoughts" */ = {
			isa = XCConfigurationList;
			buildConfigurations = (
				279BB67D1C20E26B00D48D30 /* Debug */,
				279BB67E1C20E26B00D48D30 /* Release */,
			);
			defaultConfigurationIsVisible = 0;
			defaultConfigurationName = Release;
		};
		279BB67F1C20E26B00D48D30 /* Build configuration list for PBXNativeTarget "deepThoughts" */ = {
			isa = XCConfigurationList;
			buildConfigurations = (
				279BB6801C20E26B00D48D30 /* Debug */,
				279BB6811C20E26B00D48D30 /* Release */,
			);
			defaultConfigurationIsVisible = 0;
			defaultConfigurationName = Release;
		};
		279BB6821C20E26B00D48D30 /* Build configuration list for PBXNativeTarget "deepThoughtsTests" */ = {
			isa = XCConfigurationList;
			buildConfigurations = (
				279BB6831C20E26B00D48D30 /* Debug */,
				279BB6841C20E26B00D48D30 /* Release */,
			);
			defaultConfigurationIsVisible = 0;
			defaultConfigurationName = Release;
		};
		279BB6851C20E26B00D48D30 /* Build configuration list for PBXNativeTarget "deepThoughtsUITests" */ = {
			isa = XCConfigurationList;
			buildConfigurations = (
				279BB6861C20E26B00D48D30 /* Debug */,
				279BB6871C20E26B00D48D30 /* Release */,
			);
			defaultConfigurationIsVisible = 0;
			defaultConfigurationName = Release;
		};
/* End XCConfigurationList section */
	};
	rootObject = 279BB64A1C20E26B00D48D30 /* Project object */;
}
